// !$*UTF8*$!
{
	archiveVersion = 1;
	classes = {
	};
	objectVersion = 50;
	objects = {

/* Begin PBXBuildFile section */
		C917372426D74431005ACA1B /* AppDelegate.swift in Sources */ = {isa = PBXBuildFile; fileRef = C917372326D74431005ACA1B /* AppDelegate.swift */; };
		C917372626D74431005ACA1B /* SceneDelegate.swift in Sources */ = {isa = PBXBuildFile; fileRef = C917372526D74431005ACA1B /* SceneDelegate.swift */; };
		C917372826D74431005ACA1B /* ViewController.swift in Sources */ = {isa = PBXBuildFile; fileRef = C917372726D74431005ACA1B /* ViewController.swift */; };
		C917372B26D74431005ACA1B /* Main.storyboard in Resources */ = {isa = PBXBuildFile; fileRef = C917372926D74431005ACA1B /* Main.storyboard */; };
		C917372D26D74431005ACA1B /* Assets.xcassets in Resources */ = {isa = PBXBuildFile; fileRef = C917372C26D74431005ACA1B /* Assets.xcassets */; };
		C917373026D74431005ACA1B /* LaunchScreen.storyboard in Resources */ = {isa = PBXBuildFile; fileRef = C917372E26D74431005ACA1B /* LaunchScreen.storyboard */; };
		C917373B26D74431005ACA1B /* LightTests.swift in Sources */ = {isa = PBXBuildFile; fileRef = C917373A26D74431005ACA1B /* LightTests.swift */; };
		C917374626D74431005ACA1B /* LightUITests.swift in Sources */ = {isa = PBXBuildFile; fileRef = C917374526D74431005ACA1B /* LightUITests.swift */; };
/* End PBXBuildFile section */

/* Begin PBXContainerItemProxy section */
		C917373726D74431005ACA1B /* PBXContainerItemProxy */ = {
			isa = PBXContainerItemProxy;
			containerPortal = C917371826D74431005ACA1B /* Project object */;
			proxyType = 1;
			remoteGlobalIDString = C917371F26D74431005ACA1B;
			remoteInfo = Light;
		};
		C917374226D74431005ACA1B /* PBXContainerItemProxy */ = {
			isa = PBXContainerItemProxy;
			containerPortal = C917371826D74431005ACA1B /* Project object */;
			proxyType = 1;
			remoteGlobalIDString = C917371F26D74431005ACA1B;
			remoteInfo = Light;
		};
/* End PBXContainerItemProxy section */

/* Begin PBXFileReference section */
		C917372026D74431005ACA1B /* Light.app */ = {isa = PBXFileReference; explicitFileType = wrapper.application; includeInIndex = 0; path = Light.app; sourceTree = BUILT_PRODUCTS_DIR; };
		C917372326D74431005ACA1B /* AppDelegate.swift */ = {isa = PBXFileReference; lastKnownFileType = sourcecode.swift; path = AppDelegate.swift; sourceTree = "<group>"; };
		C917372526D74431005ACA1B /* SceneDelegate.swift */ = {isa = PBXFileReference; lastKnownFileType = sourcecode.swift; path = SceneDelegate.swift; sourceTree = "<group>"; };
		C917372726D74431005ACA1B /* ViewController.swift */ = {isa = PBXFileReference; lastKnownFileType = sourcecode.swift; path = ViewController.swift; sourceTree = "<group>"; };
		C917372A26D74431005ACA1B /* Base */ = {isa = PBXFileReference; lastKnownFileType = file.storyboard; name = Base; path = Base.lproj/Main.storyboard; sourceTree = "<group>"; };
		C917372C26D74431005ACA1B /* Assets.xcassets */ = {isa = PBXFileReference; lastKnownFileType = folder.assetcatalog; path = Assets.xcassets; sourceTree = "<group>"; };
		C917372F26D74431005ACA1B /* Base */ = {isa = PBXFileReference; lastKnownFileType = file.storyboard; name = Base; path = Base.lproj/LaunchScreen.storyboard; sourceTree = "<group>"; };
		C917373126D74431005ACA1B /* Info.plist */ = {isa = PBXFileReference; lastKnownFileType = text.plist.xml; path = Info.plist; sourceTree = "<group>"; };
		C917373626D74431005ACA1B /* LightTests.xctest */ = {isa = PBXFileReference; explicitFileType = wrapper.cfbundle; includeInIndex = 0; path = LightTests.xctest; sourceTree = BUILT_PRODUCTS_DIR; };
		C917373A26D74431005ACA1B /* LightTests.swift */ = {isa = PBXFileReference; lastKnownFileType = sourcecode.swift; path = LightTests.swift; sourceTree = "<group>"; };
		C917373C26D74431005ACA1B /* Info.plist */ = {isa = PBXFileReference; lastKnownFileType = text.plist.xml; path = Info.plist; sourceTree = "<group>"; };
		C917374126D74431005ACA1B /* LightUITests.xctest */ = {isa = PBXFileReference; explicitFileType = wrapper.cfbundle; includeInIndex = 0; path = LightUITests.xctest; sourceTree = BUILT_PRODUCTS_DIR; };
		C917374526D74431005ACA1B /* LightUITests.swift */ = {isa = PBXFileReference; lastKnownFileType = sourcecode.swift; path = LightUITests.swift; sourceTree = "<group>"; };
		C917374726D74431005ACA1B /* Info.plist */ = {isa = PBXFileReference; lastKnownFileType = text.plist.xml; path = Info.plist; sourceTree = "<group>"; };
/* End PBXFileReference section */

/* Begin PBXFrameworksBuildPhase section */
		C917371D26D74431005ACA1B /* Frameworks */ = {
			isa = PBXFrameworksBuildPhase;
			buildActionMask = 2147483647;
			files = (
			);
			runOnlyForDeploymentPostprocessing = 0;
		};
		C917373326D74431005ACA1B /* Frameworks */ = {
			isa = PBXFrameworksBuildPhase;
			buildActionMask = 2147483647;
			files = (
			);
			runOnlyForDeploymentPostprocessing = 0;
		};
		C917373E26D74431005ACA1B /* Frameworks */ = {
			isa = PBXFrameworksBuildPhase;
			buildActionMask = 2147483647;
			files = (
			);
			runOnlyForDeploymentPostprocessing = 0;
		};
/* End PBXFrameworksBuildPhase section */

/* Begin PBXGroup section */
		C917371726D74431005ACA1B = {
			isa = PBXGroup;
			children = (
				C917372226D74431005ACA1B /* Light */,
				C917373926D74431005ACA1B /* LightTests */,
				C917374426D74431005ACA1B /* LightUITests */,
				C917372126D74431005ACA1B /* Products */,
			);
			sourceTree = "<group>";
		};
		C917372126D74431005ACA1B /* Products */ = {
			isa = PBXGroup;
			children = (
				C917372026D74431005ACA1B /* Light.app */,
				C917373626D74431005ACA1B /* LightTests.xctest */,
				C917374126D74431005ACA1B /* LightUITests.xctest */,
			);
			name = Products;
			sourceTree = "<group>";
		};
		C917372226D74431005ACA1B /* Light */ = {
			isa = PBXGroup;
			children = (
				C917372326D74431005ACA1B /* AppDelegate.swift */,
				C917372526D74431005ACA1B /* SceneDelegate.swift */,
				C917372726D74431005ACA1B /* ViewController.swift */,
				C917372926D74431005ACA1B /* Main.storyboard */,
				C917372C26D74431005ACA1B /* Assets.xcassets */,
				C917372E26D74431005ACA1B /* LaunchScreen.storyboard */,
				C917373126D74431005ACA1B /* Info.plist */,
			);
			path = Light;
			sourceTree = "<group>";
		};
		C917373926D74431005ACA1B /* LightTests */ = {
			isa = PBXGroup;
			children = (
				C917373A26D74431005ACA1B /* LightTests.swift */,
				C917373C26D74431005ACA1B /* Info.plist */,
			);
			path = LightTests;
			sourceTree = "<group>";
		};
		C917374426D74431005ACA1B /* LightUITests */ = {
			isa = PBXGroup;
			children = (
				C917374526D74431005ACA1B /* LightUITests.swift */,
				C917374726D74431005ACA1B /* Info.plist */,
			);
			path = LightUITests;
			sourceTree = "<group>";
		};
/* End PBXGroup section */

/* Begin PBXNativeTarget section */
		C917371F26D74431005ACA1B /* Light */ = {
			isa = PBXNativeTarget;
			buildConfigurationList = C917374A26D74431005ACA1B /* Build configuration list for PBXNativeTarget "Light" */;
			buildPhases = (
				C917371C26D74431005ACA1B /* Sources */,
				C917371D26D74431005ACA1B /* Frameworks */,
				C917371E26D74431005ACA1B /* Resources */,
			);
			buildRules = (
			);
			dependencies = (
			);
			name = Light;
			productName = Light;
			productReference = C917372026D74431005ACA1B /* Light.app */;
			productType = "com.apple.product-type.application";
		};
		C917373526D74431005ACA1B /* LightTests */ = {
			isa = PBXNativeTarget;
			buildConfigurationList = C917374D26D74431005ACA1B /* Build configuration list for PBXNativeTarget "LightTests" */;
			buildPhases = (
				C917373226D74431005ACA1B /* Sources */,
				C917373326D74431005ACA1B /* Frameworks */,
				C917373426D74431005ACA1B /* Resources */,
			);
			buildRules = (
			);
			dependencies = (
				C917373826D74431005ACA1B /* PBXTargetDependency */,
			);
			name = LightTests;
			productName = LightTests;
			productReference = C917373626D74431005ACA1B /* LightTests.xctest */;
			productType = "com.apple.product-type.bundle.unit-test";
		};
		C917374026D74431005ACA1B /* LightUITests */ = {
			isa = PBXNativeTarget;
			buildConfigurationList = C917375026D74431005ACA1B /* Build configuration list for PBXNativeTarget "LightUITests" */;
			buildPhases = (
				C917373D26D74431005ACA1B /* Sources */,
				C917373E26D74431005ACA1B /* Frameworks */,
				C917373F26D74431005ACA1B /* Resources */,
			);
			buildRules = (
			);
			dependencies = (
				C917374326D74431005ACA1B /* PBXTargetDependency */,
			);
			name = LightUITests;
			productName = LightUITests;
			productReference = C917374126D74431005ACA1B /* LightUITests.xctest */;
			productType = "com.apple.product-type.bundle.ui-testing";
		};
/* End PBXNativeTarget section */

/* Begin PBXProject section */
		C917371826D74431005ACA1B /* Project object */ = {
			isa = PBXProject;
			attributes = {
				LastSwiftUpdateCheck = 1250;
				LastUpgradeCheck = 1250;
				TargetAttributes = {
					C917371F26D74431005ACA1B = {
						CreatedOnToolsVersion = 12.5.1;
					};
					C917373526D74431005ACA1B = {
						CreatedOnToolsVersion = 12.5.1;
						TestTargetID = C917371F26D74431005ACA1B;
					};
					C917374026D74431005ACA1B = {
						CreatedOnToolsVersion = 12.5.1;
						TestTargetID = C917371F26D74431005ACA1B;
					};
				};
			};
			buildConfigurationList = C917371B26D74431005ACA1B /* Build configuration list for PBXProject "Light" */;
			compatibilityVersion = "Xcode 9.3";
			developmentRegion = en;
			hasScannedForEncodings = 0;
			knownRegions = (
				en,
				Base,
			);
			mainGroup = C917371726D74431005ACA1B;
			productRefGroup = C917372126D74431005ACA1B /* Products */;
			projectDirPath = "";
			projectRoot = "";
			targets = (
				C917371F26D74431005ACA1B /* Light */,
				C917373526D74431005ACA1B /* LightTests */,
				C917374026D74431005ACA1B /* LightUITests */,
			);
		};
/* End PBXProject section */

/* Begin PBXResourcesBuildPhase section */
		C917371E26D74431005ACA1B /* Resources */ = {
			isa = PBXResourcesBuildPhase;
			buildActionMask = 2147483647;
			files = (
				C917373026D74431005ACA1B /* LaunchScreen.storyboard in Resources */,
				C917372D26D74431005ACA1B /* Assets.xcassets in Resources */,
				C917372B26D74431005ACA1B /* Main.storyboard in Resources */,
			);
			runOnlyForDeploymentPostprocessing = 0;
		};
		C917373426D74431005ACA1B /* Resources */ = {
			isa = PBXResourcesBuildPhase;
			buildActionMask = 2147483647;
			files = (
			);
			runOnlyForDeploymentPostprocessing = 0;
		};
		C917373F26D74431005ACA1B /* Resources */ = {
			isa = PBXResourcesBuildPhase;
			buildActionMask = 2147483647;
			files = (
			);
			runOnlyForDeploymentPostprocessing = 0;
		};
/* End PBXResourcesBuildPhase section */

/* Begin PBXSourcesBuildPhase section */
		C917371C26D74431005ACA1B /* Sources */ = {
			isa = PBXSourcesBuildPhase;
			buildActionMask = 2147483647;
			files = (
				C917372826D74431005ACA1B /* ViewController.swift in Sources */,
				C917372426D74431005ACA1B /* AppDelegate.swift in Sources */,
				C917372626D74431005ACA1B /* SceneDelegate.swift in Sources */,
			);
			runOnlyForDeploymentPostprocessing = 0;
		};
		C917373226D74431005ACA1B /* Sources */ = {
			isa = PBXSourcesBuildPhase;
			buildActionMask = 2147483647;
			files = (
				C917373B26D74431005ACA1B /* LightTests.swift in Sources */,
			);
			runOnlyForDeploymentPostprocessing = 0;
		};
		C917373D26D74431005ACA1B /* Sources */ = {
			isa = PBXSourcesBuildPhase;
			buildActionMask = 2147483647;
			files = (
				C917374626D74431005ACA1B /* LightUITests.swift in Sources */,
			);
			runOnlyForDeploymentPostprocessing = 0;
		};
/* End PBXSourcesBuildPhase section */

/* Begin PBXTargetDependency section */
		C917373826D74431005ACA1B /* PBXTargetDependency */ = {
			isa = PBXTargetDependency;
			target = C917371F26D74431005ACA1B /* Light */;
			targetProxy = C917373726D74431005ACA1B /* PBXContainerItemProxy */;
		};
		C917374326D74431005ACA1B /* PBXTargetDependency */ = {
			isa = PBXTargetDependency;
			target = C917371F26D74431005ACA1B /* Light */;
			targetProxy = C917374226D74431005ACA1B /* PBXContainerItemProxy */;
		};
/* End PBXTargetDependency section */

/* Begin PBXVariantGroup section */
		C917372926D74431005ACA1B /* Main.storyboard */ = {
			isa = PBXVariantGroup;
			children = (
				C917372A26D74431005ACA1B /* Base */,
			);
			name = Main.storyboard;
			sourceTree = "<group>";
		};
		C917372E26D74431005ACA1B /* LaunchScreen.storyboard */ = {
			isa = PBXVariantGroup;
			children = (
				C917372F26D74431005ACA1B /* Base */,
			);
			name = LaunchScreen.storyboard;
			sourceTree = "<group>";
		};
/* End PBXVariantGroup section */

/* Begin XCBuildConfiguration section */
		C917374826D74431005ACA1B /* Debug */ = {
			isa = XCBuildConfiguration;
			buildSettings = {
				ALWAYS_SEARCH_USER_PATHS = NO;
				CLANG_ANALYZER_NONNULL = YES;
				CLANG_ANALYZER_NUMBER_OBJECT_CONVERSION = YES_AGGRESSIVE;
				CLANG_CXX_LANGUAGE_STANDARD = "gnu++14";
				CLANG_CXX_LIBRARY = "libc++";
				CLANG_ENABLE_MODULES = YES;
				CLANG_ENABLE_OBJC_ARC = YES;
				CLANG_ENABLE_OBJC_WEAK = YES;
				CLANG_WARN_BLOCK_CAPTURE_AUTORELEASING = YES;
				CLANG_WARN_BOOL_CONVERSION = YES;
				CLANG_WARN_COMMA = YES;
				CLANG_WARN_CONSTANT_CONVERSION = YES;
				CLANG_WARN_DEPRECATED_OBJC_IMPLEMENTATIONS = YES;
				CLANG_WARN_DIRECT_OBJC_ISA_USAGE = YES_ERROR;
				CLANG_WARN_DOCUMENTATION_COMMENTS = YES;
				CLANG_WARN_EMPTY_BODY = YES;
				CLANG_WARN_ENUM_CONVERSION = YES;
				CLANG_WARN_INFINITE_RECURSION = YES;
				CLANG_WARN_INT_CONVERSION = YES;
				CLANG_WARN_NON_LITERAL_NULL_CONVERSION = YES;
				CLANG_WARN_OBJC_IMPLICIT_RETAIN_SELF = YES;
				CLANG_WARN_OBJC_LITERAL_CONVERSION = YES;
				CLANG_WARN_OBJC_ROOT_CLASS = YES_ERROR;
				CLANG_WARN_QUOTED_INCLUDE_IN_FRAMEWORK_HEADER = YES;
				CLANG_WARN_RANGE_LOOP_ANALYSIS = YES;
				CLANG_WARN_STRICT_PROTOTYPES = YES;
				CLANG_WARN_SUSPICIOUS_MOVE = YES;
				CLANG_WARN_UNGUARDED_AVAILABILITY = YES_AGGRESSIVE;
				CLANG_WARN_UNREACHABLE_CODE = YES;
				CLANG_WARN__DUPLICATE_METHOD_MATCH = YES;
				COPY_PHASE_STRIP = NO;
				DEBUG_INFORMATION_FORMAT = dwarf;
				ENABLE_STRICT_OBJC_MSGSEND = YES;
				ENABLE_TESTABILITY = YES;
				GCC_C_LANGUAGE_STANDARD = gnu11;
				GCC_DYNAMIC_NO_PIC = NO;
				GCC_NO_COMMON_BLOCKS = YES;
				GCC_OPTIMIZATION_LEVEL = 0;
				GCC_PREPROCESSOR_DEFINITIONS = (
					"DEBUG=1",
					"$(inherited)",
				);
				GCC_WARN_64_TO_32_BIT_CONVERSION = YES;
				GCC_WARN_ABOUT_RETURN_TYPE = YES_ERROR;
				GCC_WARN_UNDECLARED_SELECTOR = YES;
				GCC_WARN_UNINITIALIZED_AUTOS = YES_AGGRESSIVE;
				GCC_WARN_UNUSED_FUNCTION = YES;
				GCC_WARN_UNUSED_VARIABLE = YES;
				IPHONEOS_DEPLOYMENT_TARGET = 14.5;
				MTL_ENABLE_DEBUG_INFO = INCLUDE_SOURCE;
				MTL_FAST_MATH = YES;
				ONLY_ACTIVE_ARCH = YES;
				SDKROOT = iphoneos;
				SWIFT_ACTIVE_COMPILATION_CONDITIONS = DEBUG;
				SWIFT_OPTIMIZATION_LEVEL = "-Onone";
			};
			name = Debug;
		};
		C917374926D74431005ACA1B /* Release */ = {
			isa = XCBuildConfiguration;
			buildSettings = {
				ALWAYS_SEARCH_USER_PATHS = NO;
				CLANG_ANALYZER_NONNULL = YES;
				CLANG_ANALYZER_NUMBER_OBJECT_CONVERSION = YES_AGGRESSIVE;
				CLANG_CXX_LANGUAGE_STANDARD = "gnu++14";
				CLANG_CXX_LIBRARY = "libc++";
				CLANG_ENABLE_MODULES = YES;
				CLANG_ENABLE_OBJC_ARC = YES;
				CLANG_ENABLE_OBJC_WEAK = YES;
				CLANG_WARN_BLOCK_CAPTURE_AUTORELEASING = YES;
				CLANG_WARN_BOOL_CONVERSION = YES;
				CLANG_WARN_COMMA = YES;
				CLANG_WARN_CONSTANT_CONVERSION = YES;
				CLANG_WARN_DEPRECATED_OBJC_IMPLEMENTATIONS = YES;
				CLANG_WARN_DIRECT_OBJC_ISA_USAGE = YES_ERROR;
				CLANG_WARN_DOCUMENTATION_COMMENTS = YES;
				CLANG_WARN_EMPTY_BODY = YES;
				CLANG_WARN_ENUM_CONVERSION = YES;
				CLANG_WARN_INFINITE_RECURSION = YES;
				CLANG_WARN_INT_CONVERSION = YES;
				CLANG_WARN_NON_LITERAL_NULL_CONVERSION = YES;
				CLANG_WARN_OBJC_IMPLICIT_RETAIN_SELF = YES;
				CLANG_WARN_OBJC_LITERAL_CONVERSION = YES;
				CLANG_WARN_OBJC_ROOT_CLASS = YES_ERROR;
				CLANG_WARN_QUOTED_INCLUDE_IN_FRAMEWORK_HEADER = YES;
				CLANG_WARN_RANGE_LOOP_ANALYSIS = YES;
				CLANG_WARN_STRICT_PROTOTYPES = YES;
				CLANG_WARN_SUSPICIOUS_MOVE = YES;
				CLANG_WARN_UNGUARDED_AVAILABILITY = YES_AGGRESSIVE;
				CLANG_WARN_UNREACHABLE_CODE = YES;
				CLANG_WARN__DUPLICATE_METHOD_MATCH = YES;
				COPY_PHASE_STRIP = NO;
				DEBUG_INFORMATION_FORMAT = "dwarf-with-dsym";
				ENABLE_NS_ASSERTIONS = NO;
				ENABLE_STRICT_OBJC_MSGSEND = YES;
				GCC_C_LANGUAGE_STANDARD = gnu11;
				GCC_NO_COMMON_BLOCKS = YES;
				GCC_WARN_64_TO_32_BIT_CONVERSION = YES;
				GCC_WARN_ABOUT_RETURN_TYPE = YES_ERROR;
				GCC_WARN_UNDECLARED_SELECTOR = YES;
				GCC_WARN_UNINITIALIZED_AUTOS = YES_AGGRESSIVE;
				GCC_WARN_UNUSED_FUNCTION = YES;
				GCC_WARN_UNUSED_VARIABLE = YES;
				IPHONEOS_DEPLOYMENT_TARGET = 14.5;
				MTL_ENABLE_DEBUG_INFO = NO;
				MTL_FAST_MATH = YES;
				SDKROOT = iphoneos;
				SWIFT_COMPILATION_MODE = wholemodule;
				SWIFT_OPTIMIZATION_LEVEL = "-O";
				VALIDATE_PRODUCT = YES;
			};
			name = Release;
		};
		C917374B26D74431005ACA1B /* Debug */ = {
			isa = XCBuildConfiguration;
			buildSettings = {
				ASSETCATALOG_COMPILER_APPICON_NAME = AppIcon;
				ASSETCATALOG_COMPILER_GLOBAL_ACCENT_COLOR_NAME = AccentColor;
				CODE_SIGN_STYLE = Automatic;
				INFOPLIST_FILE = Light/Info.plist;
				LD_RUNPATH_SEARCH_PATHS = (
					"$(inherited)",
					"@executable_path/Frameworks",
				);
				PRODUCT_BUNDLE_IDENTIFIER = com.matthew.Light;
				PRODUCT_NAME = "$(TARGET_NAME)";
				SWIFT_VERSION = 5.0;
				TARGETED_DEVICE_FAMILY = "1,2";
			};
			name = Debug;
		};
		C917374C26D74431005ACA1B /* Release */ = {
			isa = XCBuildConfiguration;
			buildSettings = {
				ASSETCATALOG_COMPILER_APPICON_NAME = AppIcon;
				ASSETCATALOG_COMPILER_GLOBAL_ACCENT_COLOR_NAME = AccentColor;
				CODE_SIGN_STYLE = Automatic;
				INFOPLIST_FILE = Light/Info.plist;
				LD_RUNPATH_SEARCH_PATHS = (
					"$(inherited)",
					"@executable_path/Frameworks",
				);
				PRODUCT_BUNDLE_IDENTIFIER = com.matthew.Light;
				PRODUCT_NAME = "$(TARGET_NAME)";
				SWIFT_VERSION = 5.0;
				TARGETED_DEVICE_FAMILY = "1,2";
			};
			name = Release;
		};
		C917374E26D74431005ACA1B /* Debug */ = {
			isa = XCBuildConfiguration;
			buildSettings = {
				ALWAYS_EMBED_SWIFT_STANDARD_LIBRARIES = YES;
				BUNDLE_LOADER = "$(TEST_HOST)";
				CODE_SIGN_STYLE = Automatic;
				INFOPLIST_FILE = LightTests/Info.plist;
				IPHONEOS_DEPLOYMENT_TARGET = 14.5;
				LD_RUNPATH_SEARCH_PATHS = (
					"$(inherited)",
					"@executable_path/Frameworks",
					"@loader_path/Frameworks",
				);
				PRODUCT_BUNDLE_IDENTIFIER = com.matthew.LightTests;
				PRODUCT_NAME = "$(TARGET_NAME)";
				SWIFT_VERSION = 5.0;
				TARGETED_DEVICE_FAMILY = "1,2";
				TEST_HOST = "$(BUILT_PRODUCTS_DIR)/Light.app/Light";
			};
			name = Debug;
		};
		C917374F26D74431005ACA1B /* Release */ = {
			isa = XCBuildConfiguration;
			buildSettings = {
				ALWAYS_EMBED_SWIFT_STANDARD_LIBRARIES = YES;
				BUNDLE_LOADER = "$(TEST_HOST)";
				CODE_SIGN_STYLE = Automatic;
				INFOPLIST_FILE = LightTests/Info.plist;
				IPHONEOS_DEPLOYMENT_TARGET = 14.5;
				LD_RUNPATH_SEARCH_PATHS = (
					"$(inherited)",
					"@executable_path/Frameworks",
					"@loader_path/Frameworks",
				);
				PRODUCT_BUNDLE_IDENTIFIER = com.matthew.LightTests;
				PRODUCT_NAME = "$(TARGET_NAME)";
				SWIFT_VERSION = 5.0;
				TARGETED_DEVICE_FAMILY = "1,2";
				TEST_HOST = "$(BUILT_PRODUCTS_DIR)/Light.app/Light";
			};
			name = Release;
		};
		C917375126D74431005ACA1B /* Debug */ = {
			isa = XCBuildConfiguration;
			buildSettings = {
				ALWAYS_EMBED_SWIFT_STANDARD_LIBRARIES = YES;
				CODE_SIGN_STYLE = Automatic;
				INFOPLIST_FILE = LightUITests/Info.plist;
				LD_RUNPATH_SEARCH_PATHS = (
					"$(inherited)",
					"@executable_path/Frameworks",
					"@loader_path/Frameworks",
				);
				PRODUCT_BUNDLE_IDENTIFIER = com.matthew.LightUITests;
				PRODUCT_NAME = "$(TARGET_NAME)";
				SWIFT_VERSION = 5.0;
				TARGETED_DEVICE_FAMILY = "1,2";
				TEST_TARGET_NAME = Light;
			};
			name = Debug;
		};
		C917375226D74431005ACA1B /* Release */ = {
			isa = XCBuildConfiguration;
			buildSettings = {
				ALWAYS_EMBED_SWIFT_STANDARD_LIBRARIES = YES;
				CODE_SIGN_STYLE = Automatic;
				INFOPLIST_FILE = LightUITests/Info.plist;
				LD_RUNPATH_SEARCH_PATHS = (
					"$(inherited)",
					"@executable_path/Frameworks",
					"@loader_path/Frameworks",
				);
				PRODUCT_BUNDLE_IDENTIFIER = com.matthew.LightUITests;
				PRODUCT_NAME = "$(TARGET_NAME)";
				SWIFT_VERSION = 5.0;
				TARGETED_DEVICE_FAMILY = "1,2";
				TEST_TARGET_NAME = Light;
			};
			name = Release;
		};
/* End XCBuildConfiguration section */

/* Begin XCConfigurationList section */
		C917371B26D74431005ACA1B /* Build configuration list for PBXProject "Light" */ = {
			isa = XCConfigurationList;
			buildConfigurations = (
				C917374826D74431005ACA1B /* Debug */,
				C917374926D74431005ACA1B /* Release */,
			);
			defaultConfigurationIsVisible = 0;
			defaultConfigurationName = Release;
		};
		C917374A26D74431005ACA1B /* Build configuration list for PBXNativeTarget "Light" */ = {
			isa = XCConfigurationList;
			buildConfigurations = (
				C917374B26D74431005ACA1B /* Debug */,
				C917374C26D74431005ACA1B /* Release */,
			);
			defaultConfigurationIsVisible = 0;
			defaultConfigurationName = Release;
		};
		C917374D26D74431005ACA1B /* Build configuration list for PBXNativeTarget "LightTests" */ = {
			isa = XCConfigurationList;
			buildConfigurations = (
				C917374E26D74431005ACA1B /* Debug */,
				C917374F26D74431005ACA1B /* Release */,
			);
			defaultConfigurationIsVisible = 0;
			defaultConfigurationName = Release;
		};
		C917375026D74431005ACA1B /* Build configuration list for PBXNativeTarget "LightUITests" */ = {
			isa = XCConfigurationList;
			buildConfigurations = (
				C917375126D74431005ACA1B /* Debug */,
				C917375226D74431005ACA1B /* Release */,
			);
			defaultConfigurationIsVisible = 0;
			defaultConfigurationName = Release;
		};
/* End XCConfigurationList section */
	};
	rootObject = C917371826D74431005ACA1B /* Project object */;
}
